{
  "requires": true,
  "lockfileVersion": 1,
  "dependencies": {
    "gitbook-plugin-accordion": {
      "version": "1.1.3",
      "resolved": "https://registry.npmjs.org/gitbook-plugin-accordion/-/gitbook-plugin-accordion-1.1.3.tgz",
      "integrity": "sha1-rNYu+EN4E9Vr65+cVrK9kRRpt8E="
    },
    "gitbook-plugin-chapter-fold": {
      "version": "0.0.4",
      "resolved": "https://registry.npmjs.org/gitbook-plugin-chapter-fold/-/gitbook-plugin-chapter-fold-0.0.4.tgz",
      "integrity": "sha1-3NWiH4C8vJjAiEGXdMOXrm1EY+8="
    },
    "gitbook-plugin-expandable-chapters": {
      "version": "0.2.0",
      "resolved": "https://registry.npmjs.org/gitbook-plugin-expandable-chapters/-/gitbook-plugin-expandable-chapters-0.2.0.tgz",
      "integrity": "sha1-RdcIeuaQekH0gSjFT+ViJKnBraI="
    },
    "gitbook-plugin-katex": {
      "version": "1.1.4",
      "resolved": "https://registry.npmjs.org/gitbook-plugin-katex/-/gitbook-plugin-katex-1.1.4.tgz",
      "integrity": "sha1-nTI++t0mw0CFJsXCJ+vbTBEg2aw=",
      "requires": {
        "katex": "0.7.1"
      }
    },
    "gitbook-plugin-sitemap": {
      "version": "1.2.0",
      "resolved": "https://registry.npmjs.org/gitbook-plugin-sitemap/-/gitbook-plugin-sitemap-1.2.0.tgz",
      "integrity": "sha512-PSJ2BuuNot5CczwzjSCIyRRtom87nPXuD4pEtuVUEg10D8ZBpT3r9+/el6XRzwf8gyC4Sf3QKqreD/ia/G5V4g==",
      "requires": {
        "sitemap": "1.5.0"
      }
    },
    "katex": {
      "version": "0.7.1",
      "resolved": "https://registry.npmjs.org/katex/-/katex-0.7.1.tgz",
      "integrity": "sha1-BrtSmO+tBeHnIoA1uo4VkfMGG48=",
      "requires": {
        "match-at": "^0.1.0"
      }
    },
    "match-at": {
      "version": "0.1.1",
      "resolved": "https://registry.npmjs.org/match-at/-/match-at-0.1.1.tgz",
      "integrity": "sha1-JdBA0pF3dwTV5lVru3kjDsLeBUA="
    },
    "sitemap": {
      "version": "1.5.0",
      "resolved": "https://registry.npmjs.org/sitemap/-/sitemap-1.5.0.tgz",
      "integrity": "sha512-AGevBYvwFaoBsZoWClv8qlaA3lpoPCUnNh2zxIHl3coZXXD5U2+GKtkMBS3pXvl5NXvzN4R0392gN4YrIpSUmQ==",
      "requires": {
        "underscore": "^1.7.0",
        "url-join": "^0.0.1"
      }
    },
    "underscore": {
      "version": "1.13.4",
      "resolved": "https://registry.npmjs.org/underscore/-/underscore-1.13.4.tgz",
      "integrity": "sha512-BQFnUDuAQ4Yf/cYY5LNrK9NCJFKriaRbD9uR1fTeXnBeoa97W0i41qkZfGO9pSo8I5KzjAcSY2XYtdf0oKd7KQ=="
    },
    "url-join": {
      "version": "0.0.1",
      "resolved": "https://registry.npmjs.org/url-join/-/url-join-0.0.1.tgz",
      "integrity": "sha512-H6dnQ/yPAAVzMQRvEvyz01hhfQL5qRWSEt7BX8t9DqnPw9BjMb64fjIRq76Uvf1hkHp+mTZvEVJ5guXOT0Xqaw=="
    }
  }
}
